
Microsoft Visual Studio Solution File, Format Version 12.00
# Visual Studio Version 16
VisualStudioVersion = 16.0.810.25
MinimumVisualStudioVersion = 10.0.40219.1
Project("{FAE04EC0-301F-11D3-BF4B-00C04F79EFBC}") = "Unity.Beamable.Customer.MicroserviceClients", "Unity.Beamable.Customer.MicroserviceClients.csproj", "{7361FA85-6227-C458-6C24-9ED7BE873290}"
EndProject
Global
	GlobalSection(SolutionConfigurationPlatforms) = preSolution
		Debug|Any CPU = Debug|Any CPU
		Release|Any CPU = Release|Any CPU
	EndGlobalSection
	GlobalSection(ProjectConfigurationPlatforms) = postSolution
		{7361FA85-6227-C458-6C24-9ED7BE873290}.Debug|Any CPU.ActiveCfg = Debug|Any CPU
		{7361FA85-6227-C458-6C24-9ED7BE873290}.Debug|Any CPU.Build.0 = Debug|Any CPU
		{7361FA85-6227-C458-6C24-9ED7BE873290}.Release|Any CPU.ActiveCfg = Release|Any CPU
		{7361FA85-6227-C458-6C24-9ED7BE873290}.Release|Any CPU.Build.0 = Release|Any CPU
	EndGlobalSection
	GlobalSection(SolutionProperties) = preSolution
		HideSolutionNode = FALSE
	EndGlobalSection
	GlobalSection(ExtensibilityGlobals) = postSolution
		SolutionGuid = {53F3B553-60A0-462C-88E1-4BA6E140BED5}
	EndGlobalSection
EndGlobal
